
Microsoft Visual Studio Solution File, Format Version 12.00
# Visual Studio Version 17
VisualStudioVersion = 17.0.32014.148
MinimumVisualStudioVersion = 10.0.40219.1
Project("{FAE04EC0-301F-11D3-BF4B-00C04F79EFBC}") = "MyFrontEnd", "MyFrontEnd\MyFrontEnd.csproj", "{27309560-89B0-44A9-A5CE-CF3415824583}"
EndProject
Project("{FAE04EC0-301F-11D3-BF4B-00C04F79EFBC}") = "MyBackEnd", "MyBackEnd\MyBackEnd.csproj", "{EA5EA623-E7A5-43FF-BCB6-BA8DFE6129FB}"
EndProject
Project("{E53339B2-1760-4266-BCC7-CA923CBCF16C}") = "docker-compose", "docker-compose.dcproj", "{38FAAB8F-58E1-47E4-84EB-E9FE72471EF7}"
EndProject
Global
	GlobalSection(SolutionConfigurationPlatforms) = preSolution
		Debug|Any CPU = Debug|Any CPU
		Release|Any CPU = Release|Any CPU
	EndGlobalSection
	GlobalSection(ProjectConfigurationPlatforms) = postSolution
		{27309560-89B0-44A9-A5CE-CF3415824583}.Debug|Any CPU.ActiveCfg = Debug|Any CPU
		{27309560-89B0-44A9-A5CE-CF3415824583}.Debug|Any CPU.Build.0 = Debug|Any CPU
		{27309560-89B0-44A9-A5CE-CF3415824583}.Release|Any CPU.ActiveCfg = Release|Any CPU
		{27309560-89B0-44A9-A5CE-CF3415824583}.Release|Any CPU.Build.0 = Release|Any CPU
		{EA5EA623-E7A5-43FF-BCB6-BA8DFE6129FB}.Debug|Any CPU.ActiveCfg = Debug|Any CPU
		{EA5EA623-E7A5-43FF-BCB6-BA8DFE6129FB}.Debug|Any CPU.Build.0 = Debug|Any CPU
		{EA5EA623-E7A5-43FF-BCB6-BA8DFE6129FB}.Release|Any CPU.ActiveCfg = Release|Any CPU
		{EA5EA623-E7A5-43FF-BCB6-BA8DFE6129FB}.Release|Any CPU.Build.0 = Release|Any CPU
		{38FAAB8F-58E1-47E4-84EB-E9FE72471EF7}.Debug|Any CPU.ActiveCfg = Debug|Any CPU
		{38FAAB8F-58E1-47E4-84EB-E9FE72471EF7}.Debug|Any CPU.Build.0 = Debug|Any CPU
		{38FAAB8F-58E1-47E4-84EB-E9FE72471EF7}.Release|Any CPU.ActiveCfg = Release|Any CPU
		{38FAAB8F-58E1-47E4-84EB-E9FE72471EF7}.Release|Any CPU.Build.0 = Release|Any CPU
	EndGlobalSection
	GlobalSection(SolutionProperties) = preSolution
		HideSolutionNode = FALSE
	EndGlobalSection
	GlobalSection(ExtensibilityGlobals) = postSolution
		SolutionGuid = {AFF15F6D-8154-4820-868B-20A81823F6C3}
	EndGlobalSection
EndGlobal
