
Microsoft Visual Studio Solution File, Format Version 12.00
# Visual Studio Version 17
VisualStudioVersion = 17.0.32014.148
MinimumVisualStudioVersion = 10.0.40219.1
Project("{FAE04EC0-301F-11D3-BF4B-00C04F79EFBC}") = "LicTest", "LicTest\LicTest.csproj", "{69AF9AE2-9C1B-4AED-907C-2C9AD1811D12}"
EndProject
Global
	GlobalSection(SolutionConfigurationPlatforms) = preSolution
		Debug|Any CPU = Debug|Any CPU
		Release|Any CPU = Release|Any CPU
	EndGlobalSection
	GlobalSection(ProjectConfigurationPlatforms) = postSolution
		{69AF9AE2-9C1B-4AED-907C-2C9AD1811D12}.Debug|Any CPU.ActiveCfg = Debug|Any CPU
		{69AF9AE2-9C1B-4AED-907C-2C9AD1811D12}.Debug|Any CPU.Build.0 = Debug|Any CPU
		{69AF9AE2-9C1B-4AED-907C-2C9AD1811D12}.Release|Any CPU.ActiveCfg = Release|Any CPU
		{69AF9AE2-9C1B-4AED-907C-2C9AD1811D12}.Release|Any CPU.Build.0 = Release|Any CPU
	EndGlobalSection
	GlobalSection(SolutionProperties) = preSolution
		HideSolutionNode = FALSE
	EndGlobalSection
	GlobalSection(ExtensibilityGlobals) = postSolution
		SolutionGuid = {4877037C-50F3-48BF-9C62-FDAE20F7FC5B}
	EndGlobalSection
EndGlobal
